
Microsoft Visual Studio Solution File, Format Version 12.00
# Visual Studio Version 16
VisualStudioVersion = 16.0.32802.440
MinimumVisualStudioVersion = 10.0.40219.1
Project("{FAE04EC0-301F-11D3-BF4B-00C04F79EFBC}") = "Parcial", "Parcial\Parcial.csproj", "{260EDD55-F145-41F5-BD16-70FA7673DC80}"
EndProject
Global
	GlobalSection(SolutionConfigurationPlatforms) = preSolution
		Debug|Any CPU = Debug|Any CPU
		Release|Any CPU = Release|Any CPU
	EndGlobalSection
	GlobalSection(ProjectConfigurationPlatforms) = postSolution
		{260EDD55-F145-41F5-BD16-70FA7673DC80}.Debug|Any CPU.ActiveCfg = Debug|Any CPU
		{260EDD55-F145-41F5-BD16-70FA7673DC80}.Debug|Any CPU.Build.0 = Debug|Any CPU
		{260EDD55-F145-41F5-BD16-70FA7673DC80}.Release|Any CPU.ActiveCfg = Release|Any CPU
		{260EDD55-F145-41F5-BD16-70FA7673DC80}.Release|Any CPU.Build.0 = Release|Any CPU
	EndGlobalSection
	GlobalSection(SolutionProperties) = preSolution
		HideSolutionNode = FALSE
	EndGlobalSection
	GlobalSection(ExtensibilityGlobals) = postSolution
		SolutionGuid = {B3D99F93-5157-449F-A40C-A22B00BC18DE}
	EndGlobalSection
EndGlobal
